// !$*UTF8*$!
{
	archiveVersion = 1;
	classes = {
	};
	objectVersion = 56;
	objects = {

/* Begin PBXBuildFile section */
		827472D62B0F9998009C5BFE /* AppDelegate.m in Sources */ = {isa = PBXBuildFile; fileRef = 827472D52B0F9998009C5BFE /* AppDelegate.m */; };
		827472D92B0F9998009C5BFE /* SceneDelegate.m in Sources */ = {isa = PBXBuildFile; fileRef = 827472D82B0F9998009C5BFE /* SceneDelegate.m */; };
		827472DC2B0F9998009C5BFE /* ViewController.m in Sources */ = {isa = PBXBuildFile; fileRef = 827472DB2B0F9998009C5BFE /* ViewController.m */; };
		827472DF2B0F9998009C5BFE /* Main.storyboard in Resources */ = {isa = PBXBuildFile; fileRef = 827472DD2B0F9998009C5BFE /* Main.storyboard */; };
		827472E12B0F999B009C5BFE /* Assets.xcassets in Resources */ = {isa = PBXBuildFile; fileRef = 827472E02B0F999B009C5BFE /* Assets.xcassets */; };
		827472E42B0F999B009C5BFE /* LaunchScreen.storyboard in Resources */ = {isa = PBXBuildFile; fileRef = 827472E22B0F999B009C5BFE /* LaunchScreen.storyboard */; };
		827472E72B0F999B009C5BFE /* main.m in Sources */ = {isa = PBXBuildFile; fileRef = 827472E62B0F999B009C5BFE /* main.m */; };
		827472EF2B0F9FEB009C5BFE /* FeedTableViewCell.m in Sources */ = {isa = PBXBuildFile; fileRef = 827472EE2B0F9FEB009C5BFE /* FeedTableViewCell.m */; };
		827472F42B10B3A3009C5BFE /* News.m in Sources */ = {isa = PBXBuildFile; fileRef = 827472F32B10B3A3009C5BFE /* News.m */; };
		827472F72B10B582009C5BFE /* NewsProvider.m in Sources */ = {isa = PBXBuildFile; fileRef = 827472F62B10B582009C5BFE /* NewsProvider.m */; };
		827472FA2B10D943009C5BFE /* NewsDetailViewController.m in Sources */ = {isa = PBXBuildFile; fileRef = 827472F92B10D943009C5BFE /* NewsDetailViewController.m */; };
		A9408CF24C2E739C02F44AA6 /* Pods_NewsReader.framework in Frameworks */ = {isa = PBXBuildFile; fileRef = 5D5A3C41C11968E6AAF09261 /* Pods_NewsReader.framework */; };
/* End PBXBuildFile section */

/* Begin PBXFileReference section */
		26A7C4BBF535D2DE1AB6C5FC /* Pods-NewsReader.release.xcconfig */ = {isa = PBXFileReference; includeInIndex = 1; lastKnownFileType = text.xcconfig; name = "Pods-NewsReader.release.xcconfig"; path = "Target Support Files/Pods-NewsReader/Pods-NewsReader.release.xcconfig"; sourceTree = "<group>"; };
		5AE7E452184F7B8A2005A990 /* Pods-NewsReader.debug.xcconfig */ = {isa = PBXFileReference; includeInIndex = 1; lastKnownFileType = text.xcconfig; name = "Pods-NewsReader.debug.xcconfig"; path = "Target Support Files/Pods-NewsReader/Pods-NewsReader.debug.xcconfig"; sourceTree = "<group>"; };
		5D5A3C41C11968E6AAF09261 /* Pods_NewsReader.framework */ = {isa = PBXFileReference; explicitFileType = wrapper.framework; includeInIndex = 0; path = Pods_NewsReader.framework; sourceTree = BUILT_PRODUCTS_DIR; };
		827472D12B0F9998009C5BFE /* NewsReader.app */ = {isa = PBXFileReference; explicitFileType = wrapper.application; includeInIndex = 0; path = NewsReader.app; sourceTree = BUILT_PRODUCTS_DIR; };
		827472D42B0F9998009C5BFE /* AppDelegate.h */ = {isa = PBXFileReference; lastKnownFileType = sourcecode.c.h; path = AppDelegate.h; sourceTree = "<group>"; };
		827472D52B0F9998009C5BFE /* AppDelegate.m */ = {isa = PBXFileReference; lastKnownFileType = sourcecode.c.objc; path = AppDelegate.m; sourceTree = "<group>"; };
		827472D72B0F9998009C5BFE /* SceneDelegate.h */ = {isa = PBXFileReference; lastKnownFileType = sourcecode.c.h; path = SceneDelegate.h; sourceTree = "<group>"; };
		827472D82B0F9998009C5BFE /* SceneDelegate.m */ = {isa = PBXFileReference; lastKnownFileType = sourcecode.c.objc; path = SceneDelegate.m; sourceTree = "<group>"; };
		827472DA2B0F9998009C5BFE /* ViewController.h */ = {isa = PBXFileReference; lastKnownFileType = sourcecode.c.h; path = ViewController.h; sourceTree = "<group>"; };
		827472DB2B0F9998009C5BFE /* ViewController.m */ = {isa = PBXFileReference; lastKnownFileType = sourcecode.c.objc; path = ViewController.m; sourceTree = "<group>"; };
		827472DE2B0F9998009C5BFE /* Base */ = {isa = PBXFileReference; lastKnownFileType = file.storyboard; name = Base; path = Base.lproj/Main.storyboard; sourceTree = "<group>"; };
		827472E02B0F999B009C5BFE /* Assets.xcassets */ = {isa = PBXFileReference; lastKnownFileType = folder.assetcatalog; path = Assets.xcassets; sourceTree = "<group>"; };
		827472E32B0F999B009C5BFE /* Base */ = {isa = PBXFileReference; lastKnownFileType = file.storyboard; name = Base; path = Base.lproj/LaunchScreen.storyboard; sourceTree = "<group>"; };
		827472E52B0F999B009C5BFE /* Info.plist */ = {isa = PBXFileReference; lastKnownFileType = text.plist.xml; path = Info.plist; sourceTree = "<group>"; };
		827472E62B0F999B009C5BFE /* main.m */ = {isa = PBXFileReference; lastKnownFileType = sourcecode.c.objc; path = main.m; sourceTree = "<group>"; };
		827472ED2B0F9FEB009C5BFE /* FeedTableViewCell.h */ = {isa = PBXFileReference; lastKnownFileType = sourcecode.c.h; path = FeedTableViewCell.h; sourceTree = "<group>"; };
		827472EE2B0F9FEB009C5BFE /* FeedTableViewCell.m */ = {isa = PBXFileReference; lastKnownFileType = sourcecode.c.objc; path = FeedTableViewCell.m; sourceTree = "<group>"; };
		827472F22B10B3A3009C5BFE /* News.h */ = {isa = PBXFileReference; lastKnownFileType = sourcecode.c.h; path = News.h; sourceTree = "<group>"; };
		827472F32B10B3A3009C5BFE /* News.m */ = {isa = PBXFileReference; lastKnownFileType = sourcecode.c.objc; path = News.m; sourceTree = "<group>"; };
		827472F52B10B582009C5BFE /* NewsProvider.h */ = {isa = PBXFileReference; lastKnownFileType = sourcecode.c.h; path = NewsProvider.h; sourceTree = "<group>"; };
		827472F62B10B582009C5BFE /* NewsProvider.m */ = {isa = PBXFileReference; lastKnownFileType = sourcecode.c.objc; path = NewsProvider.m; sourceTree = "<group>"; };
		827472F82B10D943009C5BFE /* NewsDetailViewController.h */ = {isa = PBXFileReference; lastKnownFileType = sourcecode.c.h; path = NewsDetailViewController.h; sourceTree = "<group>"; };
		827472F92B10D943009C5BFE /* NewsDetailViewController.m */ = {isa = PBXFileReference; lastKnownFileType = sourcecode.c.objc; path = NewsDetailViewController.m; sourceTree = "<group>"; };
/* End PBXFileReference section */

/* Begin PBXFrameworksBuildPhase section */
		827472CE2B0F9998009C5BFE /* Frameworks */ = {
			isa = PBXFrameworksBuildPhase;
			buildActionMask = 2147483647;
			files = (
				A9408CF24C2E739C02F44AA6 /* Pods_NewsReader.framework in Frameworks */,
			);
			runOnlyForDeploymentPostprocessing = 0;
		};
/* End PBXFrameworksBuildPhase section */

/* Begin PBXGroup section */
		7018F37AD3FCDB996071F92A /* Frameworks */ = {
			isa = PBXGroup;
			children = (
				5D5A3C41C11968E6AAF09261 /* Pods_NewsReader.framework */,
			);
			name = Frameworks;
			sourceTree = "<group>";
		};
		827472C82B0F9997009C5BFE = {
			isa = PBXGroup;
			children = (
				827472D32B0F9998009C5BFE /* NewsReader */,
				827472D22B0F9998009C5BFE /* Products */,
				8CBC47DC8D9F970F72CDB460 /* Pods */,
				7018F37AD3FCDB996071F92A /* Frameworks */,
			);
			sourceTree = "<group>";
		};
		827472D22B0F9998009C5BFE /* Products */ = {
			isa = PBXGroup;
			children = (
				827472D12B0F9998009C5BFE /* NewsReader.app */,
			);
			name = Products;
			sourceTree = "<group>";
		};
		827472D32B0F9998009C5BFE /* NewsReader */ = {
			isa = PBXGroup;
			children = (
				827472D42B0F9998009C5BFE /* AppDelegate.h */,
				827472D52B0F9998009C5BFE /* AppDelegate.m */,
				827472D72B0F9998009C5BFE /* SceneDelegate.h */,
				827472D82B0F9998009C5BFE /* SceneDelegate.m */,
				827472DA2B0F9998009C5BFE /* ViewController.h */,
				827472DB2B0F9998009C5BFE /* ViewController.m */,
				827472ED2B0F9FEB009C5BFE /* FeedTableViewCell.h */,
				827472EE2B0F9FEB009C5BFE /* FeedTableViewCell.m */,
				827472F22B10B3A3009C5BFE /* News.h */,
				827472F32B10B3A3009C5BFE /* News.m */,
				827472F52B10B582009C5BFE /* NewsProvider.h */,
				827472F62B10B582009C5BFE /* NewsProvider.m */,
				827472F82B10D943009C5BFE /* NewsDetailViewController.h */,
				827472F92B10D943009C5BFE /* NewsDetailViewController.m */,
				827472DD2B0F9998009C5BFE /* Main.storyboard */,
				827472E02B0F999B009C5BFE /* Assets.xcassets */,
				827472E22B0F999B009C5BFE /* LaunchScreen.storyboard */,
				827472E52B0F999B009C5BFE /* Info.plist */,
				827472E62B0F999B009C5BFE /* main.m */,
			);
			path = NewsReader;
			sourceTree = "<group>";
		};
		8CBC47DC8D9F970F72CDB460 /* Pods */ = {
			isa = PBXGroup;
			children = (
				5AE7E452184F7B8A2005A990 /* Pods-NewsReader.debug.xcconfig */,
				26A7C4BBF535D2DE1AB6C5FC /* Pods-NewsReader.release.xcconfig */,
			);
			path = Pods;
			sourceTree = "<group>";
		};
/* End PBXGroup section */

/* Begin PBXNativeTarget section */
		827472D02B0F9998009C5BFE /* NewsReader */ = {
			isa = PBXNativeTarget;
			buildConfigurationList = 827472EA2B0F999B009C5BFE /* Build configuration list for PBXNativeTarget "NewsReader" */;
			buildPhases = (
				969E6BB6D59407E196A92CFD /* [CP] Check Pods Manifest.lock */,
				827472CD2B0F9998009C5BFE /* Sources */,
				827472CE2B0F9998009C5BFE /* Frameworks */,
				827472CF2B0F9998009C5BFE /* Resources */,
				35A076014AEA1B467AB9264E /* [CP] Embed Pods Frameworks */,
			);
			buildRules = (
			);
			dependencies = (
			);
			name = NewsReader;
			productName = NewsReader;
			productReference = 827472D12B0F9998009C5BFE /* NewsReader.app */;
			productType = "com.apple.product-type.application";
		};
/* End PBXNativeTarget section */

/* Begin PBXProject section */
		827472C92B0F9997009C5BFE /* Project object */ = {
			isa = PBXProject;
			attributes = {
				BuildIndependentTargetsInParallel = 1;
				LastUpgradeCheck = 1430;
				TargetAttributes = {
					827472D02B0F9998009C5BFE = {
						CreatedOnToolsVersion = 14.3;
					};
				};
			};
			buildConfigurationList = 827472CC2B0F9997009C5BFE /* Build configuration list for PBXProject "NewsReader" */;
			compatibilityVersion = "Xcode 14.0";
			developmentRegion = en;
			hasScannedForEncodings = 0;
			knownRegions = (
				en,
				Base,
			);
			mainGroup = 827472C82B0F9997009C5BFE;
			productRefGroup = 827472D22B0F9998009C5BFE /* Products */;
			projectDirPath = "";
			projectRoot = "";
			targets = (
				827472D02B0F9998009C5BFE /* NewsReader */,
			);
		};
/* End PBXProject section */

/* Begin PBXResourcesBuildPhase section */
		827472CF2B0F9998009C5BFE /* Resources */ = {
			isa = PBXResourcesBuildPhase;
			buildActionMask = 2147483647;
			files = (
				827472E42B0F999B009C5BFE /* LaunchScreen.storyboard in Resources */,
				827472E12B0F999B009C5BFE /* Assets.xcassets in Resources */,
				827472DF2B0F9998009C5BFE /* Main.storyboard in Resources */,
			);
			runOnlyForDeploymentPostprocessing = 0;
		};
/* End PBXResourcesBuildPhase section */

/* Begin PBXShellScriptBuildPhase section */
		35A076014AEA1B467AB9264E /* [CP] Embed Pods Frameworks */ = {
			isa = PBXShellScriptBuildPhase;
			buildActionMask = 2147483647;
			files = (
			);
			inputFileListPaths = (
				"${PODS_ROOT}/Target Support Files/Pods-NewsReader/Pods-NewsReader-frameworks-${CONFIGURATION}-input-files.xcfilelist",
			);
			name = "[CP] Embed Pods Frameworks";
			outputFileListPaths = (
				"${PODS_ROOT}/Target Support Files/Pods-NewsReader/Pods-NewsReader-frameworks-${CONFIGURATION}-output-files.xcfilelist",
			);
			runOnlyForDeploymentPostprocessing = 0;
			shellPath = /bin/sh;
			shellScript = "\"${PODS_ROOT}/Target Support Files/Pods-NewsReader/Pods-NewsReader-frameworks.sh\"\n";
			showEnvVarsInLog = 0;
		};
		969E6BB6D59407E196A92CFD /* [CP] Check Pods Manifest.lock */ = {
			isa = PBXShellScriptBuildPhase;
			buildActionMask = 2147483647;
			files = (
			);
			inputFileListPaths = (
			);
			inputPaths = (
				"${PODS_PODFILE_DIR_PATH}/Podfile.lock",
				"${PODS_ROOT}/Manifest.lock",
			);
			name = "[CP] Check Pods Manifest.lock";
			outputFileListPaths = (
			);
			outputPaths = (
				"$(DERIVED_FILE_DIR)/Pods-NewsReader-checkManifestLockResult.txt",
			);
			runOnlyForDeploymentPostprocessing = 0;
			shellPath = /bin/sh;
			shellScript = "diff \"${PODS_PODFILE_DIR_PATH}/Podfile.lock\" \"${PODS_ROOT}/Manifest.lock\" > /dev/null\nif [ $? != 0 ] ; then\n    # print error to STDERR\n    echo \"error: The sandbox is not in sync with the Podfile.lock. Run 'pod install' or update your CocoaPods installation.\" >&2\n    exit 1\nfi\n# This output is used by Xcode 'outputs' to avoid re-running this script phase.\necho \"SUCCESS\" > \"${SCRIPT_OUTPUT_FILE_0}\"\n";
			showEnvVarsInLog = 0;
		};
/* End PBXShellScriptBuildPhase section */

/* Begin PBXSourcesBuildPhase section */
		827472CD2B0F9998009C5BFE /* Sources */ = {
			isa = PBXSourcesBuildPhase;
			buildActionMask = 2147483647;
			files = (
				827472EF2B0F9FEB009C5BFE /* FeedTableViewCell.m in Sources */,
				827472F42B10B3A3009C5BFE /* News.m in Sources */,
				827472DC2B0F9998009C5BFE /* ViewController.m in Sources */,
				827472F72B10B582009C5BFE /* NewsProvider.m in Sources */,
				827472FA2B10D943009C5BFE /* NewsDetailViewController.m in Sources */,
				827472D62B0F9998009C5BFE /* AppDelegate.m in Sources */,
				827472E72B0F999B009C5BFE /* main.m in Sources */,
				827472D92B0F9998009C5BFE /* SceneDelegate.m in Sources */,
			);
			runOnlyForDeploymentPostprocessing = 0;
		};
/* End PBXSourcesBuildPhase section */

/* Begin PBXVariantGroup section */
		827472DD2B0F9998009C5BFE /* Main.storyboard */ = {
			isa = PBXVariantGroup;
			children = (
				827472DE2B0F9998009C5BFE /* Base */,
			);
			name = Main.storyboard;
			sourceTree = "<group>";
		};
		827472E22B0F999B009C5BFE /* LaunchScreen.storyboard */ = {
			isa = PBXVariantGroup;
			children = (
				827472E32B0F999B009C5BFE /* Base */,
			);
			name = LaunchScreen.storyboard;
			sourceTree = "<group>";
		};
/* End PBXVariantGroup section */

/* Begin XCBuildConfiguration section */
		827472E82B0F999B009C5BFE /* Debug */ = {
			isa = XCBuildConfiguration;
			buildSettings = {
				ALWAYS_SEARCH_USER_PATHS = NO;
				CLANG_ANALYZER_NONNULL = YES;
				CLANG_ANALYZER_NUMBER_OBJECT_CONVERSION = YES_AGGRESSIVE;
				CLANG_CXX_LANGUAGE_STANDARD = "gnu++20";
				CLANG_ENABLE_MODULES = YES;
				CLANG_ENABLE_OBJC_ARC = YES;
				CLANG_ENABLE_OBJC_WEAK = YES;
				CLANG_WARN_BLOCK_CAPTURE_AUTORELEASING = YES;
				CLANG_WARN_BOOL_CONVERSION = YES;
				CLANG_WARN_COMMA = YES;
				CLANG_WARN_CONSTANT_CONVERSION = YES;
				CLANG_WARN_DEPRECATED_OBJC_IMPLEMENTATIONS = YES;
				CLANG_WARN_DIRECT_OBJC_ISA_USAGE = YES_ERROR;
				CLANG_WARN_DOCUMENTATION_COMMENTS = YES;
				CLANG_WARN_EMPTY_BODY = YES;
				CLANG_WARN_ENUM_CONVERSION = YES;
				CLANG_WARN_INFINITE_RECURSION = YES;
				CLANG_WARN_INT_CONVERSION = YES;
				CLANG_WARN_NON_LITERAL_NULL_CONVERSION = YES;
				CLANG_WARN_OBJC_IMPLICIT_RETAIN_SELF = YES;
				CLANG_WARN_OBJC_LITERAL_CONVERSION = YES;
				CLANG_WARN_OBJC_ROOT_CLASS = YES_ERROR;
				CLANG_WARN_QUOTED_INCLUDE_IN_FRAMEWORK_HEADER = YES;
				CLANG_WARN_RANGE_LOOP_ANALYSIS = YES;
				CLANG_WARN_STRICT_PROTOTYPES = YES;
				CLANG_WARN_SUSPICIOUS_MOVE = YES;
				CLANG_WARN_UNGUARDED_AVAILABILITY = YES_AGGRESSIVE;
				CLANG_WARN_UNREACHABLE_CODE = YES;
				CLANG_WARN__DUPLICATE_METHOD_MATCH = YES;
				COPY_PHASE_STRIP = NO;
				DEBUG_INFORMATION_FORMAT = dwarf;
				ENABLE_STRICT_OBJC_MSGSEND = YES;
				ENABLE_TESTABILITY = YES;
				GCC_C_LANGUAGE_STANDARD = gnu11;
				GCC_DYNAMIC_NO_PIC = NO;
				GCC_NO_COMMON_BLOCKS = YES;
				GCC_OPTIMIZATION_LEVEL = 0;
				GCC_PREPROCESSOR_DEFINITIONS = (
					"DEBUG=1",
					"$(inherited)",
				);
				GCC_WARN_64_TO_32_BIT_CONVERSION = YES;
				GCC_WARN_ABOUT_RETURN_TYPE = YES_ERROR;
				GCC_WARN_UNDECLARED_SELECTOR = YES;
				GCC_WARN_UNINITIALIZED_AUTOS = YES_AGGRESSIVE;
				GCC_WARN_UNUSED_FUNCTION = YES;
				GCC_WARN_UNUSED_VARIABLE = YES;
				IPHONEOS_DEPLOYMENT_TARGET = 16.4;
				MTL_ENABLE_DEBUG_INFO = INCLUDE_SOURCE;
				MTL_FAST_MATH = YES;
				ONLY_ACTIVE_ARCH = YES;
				SDKROOT = iphoneos;
			};
			name = Debug;
		};
		827472E92B0F999B009C5BFE /* Release */ = {
			isa = XCBuildConfiguration;
			buildSettings = {
				ALWAYS_SEARCH_USER_PATHS = NO;
				CLANG_ANALYZER_NONNULL = YES;
				CLANG_ANALYZER_NUMBER_OBJECT_CONVERSION = YES_AGGRESSIVE;
				CLANG_CXX_LANGUAGE_STANDARD = "gnu++20";
				CLANG_ENABLE_MODULES = YES;
				CLANG_ENABLE_OBJC_ARC = YES;
				CLANG_ENABLE_OBJC_WEAK = YES;
				CLANG_WARN_BLOCK_CAPTURE_AUTORELEASING = YES;
				CLANG_WARN_BOOL_CONVERSION = YES;
				CLANG_WARN_COMMA = YES;
				CLANG_WARN_CONSTANT_CONVERSION = YES;
				CLANG_WARN_DEPRECATED_OBJC_IMPLEMENTATIONS = YES;
				CLANG_WARN_DIRECT_OBJC_ISA_USAGE = YES_ERROR;
				CLANG_WARN_DOCUMENTATION_COMMENTS = YES;
				CLANG_WARN_EMPTY_BODY = YES;
				CLANG_WARN_ENUM_CONVERSION = YES;
				CLANG_WARN_INFINITE_RECURSION = YES;
				CLANG_WARN_INT_CONVERSION = YES;
				CLANG_WARN_NON_LITERAL_NULL_CONVERSION = YES;
				CLANG_WARN_OBJC_IMPLICIT_RETAIN_SELF = YES;
				CLANG_WARN_OBJC_LITERAL_CONVERSION = YES;
				CLANG_WARN_OBJC_ROOT_CLASS = YES_ERROR;
				CLANG_WARN_QUOTED_INCLUDE_IN_FRAMEWORK_HEADER = YES;
				CLANG_WARN_RANGE_LOOP_ANALYSIS = YES;
				CLANG_WARN_STRICT_PROTOTYPES = YES;
				CLANG_WARN_SUSPICIOUS_MOVE = YES;
				CLANG_WARN_UNGUARDED_AVAILABILITY = YES_AGGRESSIVE;
				CLANG_WARN_UNREACHABLE_CODE = YES;
				CLANG_WARN__DUPLICATE_METHOD_MATCH = YES;
				COPY_PHASE_STRIP = NO;
				DEBUG_INFORMATION_FORMAT = "dwarf-with-dsym";
				ENABLE_NS_ASSERTIONS = NO;
				ENABLE_STRICT_OBJC_MSGSEND = YES;
				GCC_C_LANGUAGE_STANDARD = gnu11;
				GCC_NO_COMMON_BLOCKS = YES;
				GCC_WARN_64_TO_32_BIT_CONVERSION = YES;
				GCC_WARN_ABOUT_RETURN_TYPE = YES_ERROR;
				GCC_WARN_UNDECLARED_SELECTOR = YES;
				GCC_WARN_UNINITIALIZED_AUTOS = YES_AGGRESSIVE;
				GCC_WARN_UNUSED_FUNCTION = YES;
				GCC_WARN_UNUSED_VARIABLE = YES;
				IPHONEOS_DEPLOYMENT_TARGET = 16.4;
				MTL_ENABLE_DEBUG_INFO = NO;
				MTL_FAST_MATH = YES;
				SDKROOT = iphoneos;
				VALIDATE_PRODUCT = YES;
			};
			name = Release;
		};
		827472EB2B0F999B009C5BFE /* Debug */ = {
			isa = XCBuildConfiguration;
			baseConfigurationReference = 5AE7E452184F7B8A2005A990 /* Pods-NewsReader.debug.xcconfig */;
			buildSettings = {
				ASSETCATALOG_COMPILER_APPICON_NAME = AppIcon;
				ASSETCATALOG_COMPILER_GLOBAL_ACCENT_COLOR_NAME = AccentColor;
				CODE_SIGN_STYLE = Automatic;
				CURRENT_PROJECT_VERSION = 1;
				GENERATE_INFOPLIST_FILE = YES;
				INFOPLIST_FILE = NewsReader/Info.plist;
				INFOPLIST_KEY_UIApplicationSupportsIndirectInputEvents = YES;
				INFOPLIST_KEY_UILaunchStoryboardName = LaunchScreen;
				INFOPLIST_KEY_UIMainStoryboardFile = Main;
				INFOPLIST_KEY_UISupportedInterfaceOrientations_iPad = "UIInterfaceOrientationPortrait UIInterfaceOrientationPortraitUpsideDown UIInterfaceOrientationLandscapeLeft UIInterfaceOrientationLandscapeRight";
				INFOPLIST_KEY_UISupportedInterfaceOrientations_iPhone = "UIInterfaceOrientationPortrait UIInterfaceOrientationLandscapeLeft UIInterfaceOrientationLandscapeRight";
				LD_RUNPATH_SEARCH_PATHS = (
					"$(inherited)",
					"@executable_path/Frameworks",
				);
				MARKETING_VERSION = 1.0;
				PRODUCT_BUNDLE_IDENTIFIER = com.intuit.NewsReader;
				PRODUCT_NAME = "$(TARGET_NAME)";
				SWIFT_EMIT_LOC_STRINGS = YES;
				TARGETED_DEVICE_FAMILY = "1,2";
			};
			name = Debug;
		};
		827472EC2B0F999B009C5BFE /* Release */ = {
			isa = XCBuildConfiguration;
			baseConfigurationReference = 26A7C4BBF535D2DE1AB6C5FC /* Pods-NewsReader.release.xcconfig */;
			buildSettings = {
				ASSETCATALOG_COMPILER_APPICON_NAME = AppIcon;
				ASSETCATALOG_COMPILER_GLOBAL_ACCENT_COLOR_NAME = AccentColor;
				CODE_SIGN_STYLE = Automatic;
				CURRENT_PROJECT_VERSION = 1;
				GENERATE_INFOPLIST_FILE = YES;
				INFOPLIST_FILE = NewsReader/Info.plist;
				INFOPLIST_KEY_UIApplicationSupportsIndirectInputEvents = YES;
				INFOPLIST_KEY_UILaunchStoryboardName = LaunchScreen;
				INFOPLIST_KEY_UIMainStoryboardFile = Main;
				INFOPLIST_KEY_UISupportedInterfaceOrientations_iPad = "UIInterfaceOrientationPortrait UIInterfaceOrientationPortraitUpsideDown UIInterfaceOrientationLandscapeLeft UIInterfaceOrientationLandscapeRight";
				INFOPLIST_KEY_UISupportedInterfaceOrientations_iPhone = "UIInterfaceOrientationPortrait UIInterfaceOrientationLandscapeLeft UIInterfaceOrientationLandscapeRight";
				LD_RUNPATH_SEARCH_PATHS = (
					"$(inherited)",
					"@executable_path/Frameworks",
				);
				MARKETING_VERSION = 1.0;
				PRODUCT_BUNDLE_IDENTIFIER = com.intuit.NewsReader;
				PRODUCT_NAME = "$(TARGET_NAME)";
				SWIFT_EMIT_LOC_STRINGS = YES;
				TARGETED_DEVICE_FAMILY = "1,2";
			};
			name = Release;
		};
/* End XCBuildConfiguration section */

/* Begin XCConfigurationList section */
		827472CC2B0F9997009C5BFE /* Build configuration list for PBXProject "NewsReader" */ = {
			isa = XCConfigurationList;
			buildConfigurations = (
				827472E82B0F999B009C5BFE /* Debug */,
				827472E92B0F999B009C5BFE /* Release */,
			);
			defaultConfigurationIsVisible = 0;
			defaultConfigurationName = Release;
		};
		827472EA2B0F999B009C5BFE /* Build configuration list for PBXNativeTarget "NewsReader" */ = {
			isa = XCConfigurationList;
			buildConfigurations = (
				827472EB2B0F999B009C5BFE /* Debug */,
				827472EC2B0F999B009C5BFE /* Release */,
			);
			defaultConfigurationIsVisible = 0;
			defaultConfigurationName = Release;
		};
/* End XCConfigurationList section */
	};
	rootObject = 827472C92B0F9997009C5BFE /* Project object */;
}
